// !$*UTF8*$!
{
	archiveVersion = 1;
	classes = {
	};
	objectVersion = 55;
	objects = {

/* Begin PBXBuildFile section */
		402F6FC57A8BC28941B2A408 /* Pods_FlixTests.framework in Frameworks */ = {isa = PBXBuildFile; fileRef = 54A9239D8A946D114B8FF38B /* Pods_FlixTests.framework */; };
		4957D826742C7400B57E7768 /* Pods_Flix_FlixUITests.framework in Frameworks */ = {isa = PBXBuildFile; fileRef = E20B851AD4B2650CE11F0920 /* Pods_Flix_FlixUITests.framework */; };
		4D3181D828D6689400050223 /* MovieDetailsViewController.swift in Sources */ = {isa = PBXBuildFile; fileRef = 4D3181D728D6689400050223 /* MovieDetailsViewController.swift */; };
		4D3181DA28D677A300050223 /* MovieGridViewController.swift in Sources */ = {isa = PBXBuildFile; fileRef = 4D3181D928D677A300050223 /* MovieGridViewController.swift */; };
		4D3181DC28D67D1300050223 /* MovieGridCell.swift in Sources */ = {isa = PBXBuildFile; fileRef = 4D3181DB28D67D1300050223 /* MovieGridCell.swift */; };
		4D3FB9CD28CBA8B8001A131C /* AppDelegate.swift in Sources */ = {isa = PBXBuildFile; fileRef = 4D3FB9CC28CBA8B8001A131C /* AppDelegate.swift */; };
		4D3FB9CF28CBA8B8001A131C /* SceneDelegate.swift in Sources */ = {isa = PBXBuildFile; fileRef = 4D3FB9CE28CBA8B8001A131C /* SceneDelegate.swift */; };
		4D3FB9D128CBA8B8001A131C /* ViewController.swift in Sources */ = {isa = PBXBuildFile; fileRef = 4D3FB9D028CBA8B8001A131C /* ViewController.swift */; };
		4D3FB9D428CBA8B8001A131C /* Main.storyboard in Resources */ = {isa = PBXBuildFile; fileRef = 4D3FB9D228CBA8B8001A131C /* Main.storyboard */; };
		4D3FB9D628CBA8BE001A131C /* Assets.xcassets in Resources */ = {isa = PBXBuildFile; fileRef = 4D3FB9D528CBA8BE001A131C /* Assets.xcassets */; };
		4D3FB9D928CBA8BE001A131C /* LaunchScreen.storyboard in Resources */ = {isa = PBXBuildFile; fileRef = 4D3FB9D728CBA8BE001A131C /* LaunchScreen.storyboard */; };
		4D3FB9E428CBA8BE001A131C /* FlixTests.swift in Sources */ = {isa = PBXBuildFile; fileRef = 4D3FB9E328CBA8BE001A131C /* FlixTests.swift */; };
		4D3FB9EE28CBA8BF001A131C /* FlixUITests.swift in Sources */ = {isa = PBXBuildFile; fileRef = 4D3FB9ED28CBA8BF001A131C /* FlixUITests.swift */; };
		4D3FB9F028CBA8BF001A131C /* FlixUITestsLaunchTests.swift in Sources */ = {isa = PBXBuildFile; fileRef = 4D3FB9EF28CBA8BF001A131C /* FlixUITestsLaunchTests.swift */; };
		4D3FB9FD28CBB0D8001A131C /* MoviesViewController.swift in Sources */ = {isa = PBXBuildFile; fileRef = 4D3FB9FC28CBB0D8001A131C /* MoviesViewController.swift */; };
		4D3FB9FF28CBBB9F001A131C /* MovieCell.swift in Sources */ = {isa = PBXBuildFile; fileRef = 4D3FB9FE28CBBB9F001A131C /* MovieCell.swift */; };
		4D3FBA0228CBC7CF001A131C /* AlamofireImage in Frameworks */ = {isa = PBXBuildFile; productRef = 4D3FBA0128CBC7CF001A131C /* AlamofireImage */; };
		7E40FB01F7450B76AA1E6802 /* Pods_Flix.framework in Frameworks */ = {isa = PBXBuildFile; fileRef = ECBC8BDE9EE852FF16E19D37 /* Pods_Flix.framework */; };
/* End PBXBuildFile section */

/* Begin PBXContainerItemProxy section */
		4D3FB9E028CBA8BE001A131C /* PBXContainerItemProxy */ = {
			isa = PBXContainerItemProxy;
			containerPortal = 4D3FB9C128CBA8B8001A131C /* Project object */;
			proxyType = 1;
			remoteGlobalIDString = 4D3FB9C828CBA8B8001A131C;
			remoteInfo = Flix;
		};
		4D3FB9EA28CBA8BF001A131C /* PBXContainerItemProxy */ = {
			isa = PBXContainerItemProxy;
			containerPortal = 4D3FB9C128CBA8B8001A131C /* Project object */;
			proxyType = 1;
			remoteGlobalIDString = 4D3FB9C828CBA8B8001A131C;
			remoteInfo = Flix;
		};
/* End PBXContainerItemProxy section */

/* Begin PBXFileReference section */
		2A8EF3D6F294E978A7219ADF /* Pods-Flix.debug.xcconfig */ = {isa = PBXFileReference; includeInIndex = 1; lastKnownFileType = text.xcconfig; name = "Pods-Flix.debug.xcconfig"; path = "Target Support Files/Pods-Flix/Pods-Flix.debug.xcconfig"; sourceTree = "<group>"; };
		4D3181D728D6689400050223 /* MovieDetailsViewController.swift */ = {isa = PBXFileReference; lastKnownFileType = sourcecode.swift; path = MovieDetailsViewController.swift; sourceTree = "<group>"; };
		4D3181D928D677A300050223 /* MovieGridViewController.swift */ = {isa = PBXFileReference; lastKnownFileType = sourcecode.swift; path = MovieGridViewController.swift; sourceTree = "<group>"; };
		4D3181DB28D67D1300050223 /* MovieGridCell.swift */ = {isa = PBXFileReference; lastKnownFileType = sourcecode.swift; path = MovieGridCell.swift; sourceTree = "<group>"; };
		4D3FB9C928CBA8B8001A131C /* Flix.app */ = {isa = PBXFileReference; explicitFileType = wrapper.application; includeInIndex = 0; path = Flix.app; sourceTree = BUILT_PRODUCTS_DIR; };
		4D3FB9CC28CBA8B8001A131C /* AppDelegate.swift */ = {isa = PBXFileReference; lastKnownFileType = sourcecode.swift; path = AppDelegate.swift; sourceTree = "<group>"; };
		4D3FB9CE28CBA8B8001A131C /* SceneDelegate.swift */ = {isa = PBXFileReference; lastKnownFileType = sourcecode.swift; path = SceneDelegate.swift; sourceTree = "<group>"; };
		4D3FB9D028CBA8B8001A131C /* ViewController.swift */ = {isa = PBXFileReference; lastKnownFileType = sourcecode.swift; path = ViewController.swift; sourceTree = "<group>"; };
		4D3FB9D328CBA8B8001A131C /* Base */ = {isa = PBXFileReference; lastKnownFileType = file.storyboard; name = Base; path = Base.lproj/Main.storyboard; sourceTree = "<group>"; };
		4D3FB9D528CBA8BE001A131C /* Assets.xcassets */ = {isa = PBXFileReference; lastKnownFileType = folder.assetcatalog; path = Assets.xcassets; sourceTree = "<group>"; };
		4D3FB9D828CBA8BE001A131C /* Base */ = {isa = PBXFileReference; lastKnownFileType = file.storyboard; name = Base; path = Base.lproj/LaunchScreen.storyboard; sourceTree = "<group>"; };
		4D3FB9DA28CBA8BE001A131C /* Info.plist */ = {isa = PBXFileReference; lastKnownFileType = text.plist.xml; path = Info.plist; sourceTree = "<group>"; };
		4D3FB9DF28CBA8BE001A131C /* FlixTests.xctest */ = {isa = PBXFileReference; explicitFileType = wrapper.cfbundle; includeInIndex = 0; path = FlixTests.xctest; sourceTree = BUILT_PRODUCTS_DIR; };
		4D3FB9E328CBA8BE001A131C /* FlixTests.swift */ = {isa = PBXFileReference; lastKnownFileType = sourcecode.swift; path = FlixTests.swift; sourceTree = "<group>"; };
		4D3FB9E928CBA8BF001A131C /* FlixUITests.xctest */ = {isa = PBXFileReference; explicitFileType = wrapper.cfbundle; includeInIndex = 0; path = FlixUITests.xctest; sourceTree = BUILT_PRODUCTS_DIR; };
		4D3FB9ED28CBA8BF001A131C /* FlixUITests.swift */ = {isa = PBXFileReference; lastKnownFileType = sourcecode.swift; path = FlixUITests.swift; sourceTree = "<group>"; };
		4D3FB9EF28CBA8BF001A131C /* FlixUITestsLaunchTests.swift */ = {isa = PBXFileReference; lastKnownFileType = sourcecode.swift; path = FlixUITestsLaunchTests.swift; sourceTree = "<group>"; };
		4D3FB9FC28CBB0D8001A131C /* MoviesViewController.swift */ = {isa = PBXFileReference; lastKnownFileType = sourcecode.swift; path = MoviesViewController.swift; sourceTree = "<group>"; };
		4D3FB9FE28CBBB9F001A131C /* MovieCell.swift */ = {isa = PBXFileReference; lastKnownFileType = sourcecode.swift; path = MovieCell.swift; sourceTree = "<group>"; };
		54A9239D8A946D114B8FF38B /* Pods_FlixTests.framework */ = {isa = PBXFileReference; explicitFileType = wrapper.framework; includeInIndex = 0; path = Pods_FlixTests.framework; sourceTree = BUILT_PRODUCTS_DIR; };
		7E3641F36F0A05D140A9B67F /* Pods-FlixTests.debug.xcconfig */ = {isa = PBXFileReference; includeInIndex = 1; lastKnownFileType = text.xcconfig; name = "Pods-FlixTests.debug.xcconfig"; path = "Target Support Files/Pods-FlixTests/Pods-FlixTests.debug.xcconfig"; sourceTree = "<group>"; };
		B159B346BF231BA5082962E4 /* Pods-Flix.release.xcconfig */ = {isa = PBXFileReference; includeInIndex = 1; lastKnownFileType = text.xcconfig; name = "Pods-Flix.release.xcconfig"; path = "Target Support Files/Pods-Flix/Pods-Flix.release.xcconfig"; sourceTree = "<group>"; };
		C33F94F4C4C224FAE5CEF88F /* Pods-Flix-FlixUITests.debug.xcconfig */ = {isa = PBXFileReference; includeInIndex = 1; lastKnownFileType = text.xcconfig; name = "Pods-Flix-FlixUITests.debug.xcconfig"; path = "Target Support Files/Pods-Flix-FlixUITests/Pods-Flix-FlixUITests.debug.xcconfig"; sourceTree = "<group>"; };
		CC3146122EC7267E470C47F3 /* Pods-Flix-FlixUITests.release.xcconfig */ = {isa = PBXFileReference; includeInIndex = 1; lastKnownFileType = text.xcconfig; name = "Pods-Flix-FlixUITests.release.xcconfig"; path = "Target Support Files/Pods-Flix-FlixUITests/Pods-Flix-FlixUITests.release.xcconfig"; sourceTree = "<group>"; };
		E20B851AD4B2650CE11F0920 /* Pods_Flix_FlixUITests.framework */ = {isa = PBXFileReference; explicitFileType = wrapper.framework; includeInIndex = 0; path = Pods_Flix_FlixUITests.framework; sourceTree = BUILT_PRODUCTS_DIR; };
		ECBC8BDE9EE852FF16E19D37 /* Pods_Flix.framework */ = {isa = PBXFileReference; explicitFileType = wrapper.framework; includeInIndex = 0; path = Pods_Flix.framework; sourceTree = BUILT_PRODUCTS_DIR; };
		EE8ED1CEE78A33E5598F7BBA /* Pods-FlixTests.release.xcconfig */ = {isa = PBXFileReference; includeInIndex = 1; lastKnownFileType = text.xcconfig; name = "Pods-FlixTests.release.xcconfig"; path = "Target Support Files/Pods-FlixTests/Pods-FlixTests.release.xcconfig"; sourceTree = "<group>"; };
/* End PBXFileReference section */

/* Begin PBXFrameworksBuildPhase section */
		4D3FB9C628CBA8B8001A131C /* Frameworks */ = {
			isa = PBXFrameworksBuildPhase;
			buildActionMask = 2147483647;
			files = (
				4D3FBA0228CBC7CF001A131C /* AlamofireImage in Frameworks */,
				7E40FB01F7450B76AA1E6802 /* Pods_Flix.framework in Frameworks */,
			);
			runOnlyForDeploymentPostprocessing = 0;
		};
		4D3FB9DC28CBA8BE001A131C /* Frameworks */ = {
			isa = PBXFrameworksBuildPhase;
			buildActionMask = 2147483647;
			files = (
				402F6FC57A8BC28941B2A408 /* Pods_FlixTests.framework in Frameworks */,
			);
			runOnlyForDeploymentPostprocessing = 0;
		};
		4D3FB9E628CBA8BF001A131C /* Frameworks */ = {
			isa = PBXFrameworksBuildPhase;
			buildActionMask = 2147483647;
			files = (
				4957D826742C7400B57E7768 /* Pods_Flix_FlixUITests.framework in Frameworks */,
			);
			runOnlyForDeploymentPostprocessing = 0;
		};
/* End PBXFrameworksBuildPhase section */

/* Begin PBXGroup section */
		4D3FB9C028CBA8B8001A131C = {
			isa = PBXGroup;
			children = (
				4D3FB9CB28CBA8B8001A131C /* Flix */,
				4D3FB9E228CBA8BE001A131C /* FlixTests */,
				4D3FB9EC28CBA8BF001A131C /* FlixUITests */,
				4D3FB9CA28CBA8B8001A131C /* Products */,
				E5518E6133C1BB8360F589D7 /* Pods */,
				84DCBEAB79E40CC329830F01 /* Frameworks */,
			);
			sourceTree = "<group>";
		};
		4D3FB9CA28CBA8B8001A131C /* Products */ = {
			isa = PBXGroup;
			children = (
				4D3FB9C928CBA8B8001A131C /* Flix.app */,
				4D3FB9DF28CBA8BE001A131C /* FlixTests.xctest */,
				4D3FB9E928CBA8BF001A131C /* FlixUITests.xctest */,
			);
			name = Products;
			sourceTree = "<group>";
		};
		4D3FB9CB28CBA8B8001A131C /* Flix */ = {
			isa = PBXGroup;
			children = (
				4D3181D928D677A300050223 /* MovieGridViewController.swift */,
				4D3FB9FC28CBB0D8001A131C /* MoviesViewController.swift */,
				4D3FB9CC28CBA8B8001A131C /* AppDelegate.swift */,
				4D3FB9CE28CBA8B8001A131C /* SceneDelegate.swift */,
				4D3FB9D028CBA8B8001A131C /* ViewController.swift */,
				4D3FB9D228CBA8B8001A131C /* Main.storyboard */,
				4D3FB9FE28CBBB9F001A131C /* MovieCell.swift */,
				4D3FB9D528CBA8BE001A131C /* Assets.xcassets */,
				4D3FB9D728CBA8BE001A131C /* LaunchScreen.storyboard */,
				4D3FB9DA28CBA8BE001A131C /* Info.plist */,
				4D3181D728D6689400050223 /* MovieDetailsViewController.swift */,
				4D3181DB28D67D1300050223 /* MovieGridCell.swift */,
			);
			path = Flix;
			sourceTree = "<group>";
		};
		4D3FB9E228CBA8BE001A131C /* FlixTests */ = {
			isa = PBXGroup;
			children = (
				4D3FB9E328CBA8BE001A131C /* FlixTests.swift */,
			);
			path = FlixTests;
			sourceTree = "<group>";
		};
		4D3FB9EC28CBA8BF001A131C /* FlixUITests */ = {
			isa = PBXGroup;
			children = (
				4D3FB9ED28CBA8BF001A131C /* FlixUITests.swift */,
				4D3FB9EF28CBA8BF001A131C /* FlixUITestsLaunchTests.swift */,
			);
			path = FlixUITests;
			sourceTree = "<group>";
		};
		84DCBEAB79E40CC329830F01 /* Frameworks */ = {
			isa = PBXGroup;
			children = (
				ECBC8BDE9EE852FF16E19D37 /* Pods_Flix.framework */,
				E20B851AD4B2650CE11F0920 /* Pods_Flix_FlixUITests.framework */,
				54A9239D8A946D114B8FF38B /* Pods_FlixTests.framework */,
			);
			name = Frameworks;
			sourceTree = "<group>";
		};
		E5518E6133C1BB8360F589D7 /* Pods */ = {
			isa = PBXGroup;
			children = (
				2A8EF3D6F294E978A7219ADF /* Pods-Flix.debug.xcconfig */,
				B159B346BF231BA5082962E4 /* Pods-Flix.release.xcconfig */,
				C33F94F4C4C224FAE5CEF88F /* Pods-Flix-FlixUITests.debug.xcconfig */,
				CC3146122EC7267E470C47F3 /* Pods-Flix-FlixUITests.release.xcconfig */,
				7E3641F36F0A05D140A9B67F /* Pods-FlixTests.debug.xcconfig */,
				EE8ED1CEE78A33E5598F7BBA /* Pods-FlixTests.release.xcconfig */,
			);
			path = Pods;
			sourceTree = "<group>";
		};
/* End PBXGroup section */

/* Begin PBXNativeTarget section */
		4D3FB9C828CBA8B8001A131C /* Flix */ = {
			isa = PBXNativeTarget;
			buildConfigurationList = 4D3FB9F328CBA8BF001A131C /* Build configuration list for PBXNativeTarget "Flix" */;
			buildPhases = (
				EAE0D271F54E62FDFBD347F3 /* [CP] Check Pods Manifest.lock */,
				4D3FB9C528CBA8B8001A131C /* Sources */,
				4D3FB9C628CBA8B8001A131C /* Frameworks */,
				4D3FB9C728CBA8B8001A131C /* Resources */,
				D256B8D77083D5BB8A5ACE9A /* [CP] Embed Pods Frameworks */,
			);
			buildRules = (
			);
			dependencies = (
			);
			name = Flix;
			packageProductDependencies = (
				4D3FBA0128CBC7CF001A131C /* AlamofireImage */,
			);
			productName = Flix;
			productReference = 4D3FB9C928CBA8B8001A131C /* Flix.app */;
			productType = "com.apple.product-type.application";
		};
		4D3FB9DE28CBA8BE001A131C /* FlixTests */ = {
			isa = PBXNativeTarget;
			buildConfigurationList = 4D3FB9F628CBA8BF001A131C /* Build configuration list for PBXNativeTarget "FlixTests" */;
			buildPhases = (
				AB85CC7C5905B70974B06FA8 /* [CP] Check Pods Manifest.lock */,
				4D3FB9DB28CBA8BE001A131C /* Sources */,
				4D3FB9DC28CBA8BE001A131C /* Frameworks */,
				4D3FB9DD28CBA8BE001A131C /* Resources */,
			);
			buildRules = (
			);
			dependencies = (
				4D3FB9E128CBA8BE001A131C /* PBXTargetDependency */,
			);
			name = FlixTests;
			productName = FlixTests;
			productReference = 4D3FB9DF28CBA8BE001A131C /* FlixTests.xctest */;
			productType = "com.apple.product-type.bundle.unit-test";
		};
		4D3FB9E828CBA8BF001A131C /* FlixUITests */ = {
			isa = PBXNativeTarget;
			buildConfigurationList = 4D3FB9F928CBA8BF001A131C /* Build configuration list for PBXNativeTarget "FlixUITests" */;
			buildPhases = (
				CD64B262CA72BE815148CCFC /* [CP] Check Pods Manifest.lock */,
				4D3FB9E528CBA8BF001A131C /* Sources */,
				4D3FB9E628CBA8BF001A131C /* Frameworks */,
				4D3FB9E728CBA8BF001A131C /* Resources */,
				B3C5C918F5CBCF850E56A2D9 /* [CP] Embed Pods Frameworks */,
			);
			buildRules = (
			);
			dependencies = (
				4D3FB9EB28CBA8BF001A131C /* PBXTargetDependency */,
			);
			name = FlixUITests;
			productName = FlixUITests;
			productReference = 4D3FB9E928CBA8BF001A131C /* FlixUITests.xctest */;
			productType = "com.apple.product-type.bundle.ui-testing";
		};
/* End PBXNativeTarget section */

/* Begin PBXProject section */
		4D3FB9C128CBA8B8001A131C /* Project object */ = {
			isa = PBXProject;
			attributes = {
				BuildIndependentTargetsInParallel = 1;
				LastSwiftUpdateCheck = 1340;
				LastUpgradeCheck = 1340;
				TargetAttributes = {
					4D3FB9C828CBA8B8001A131C = {
						CreatedOnToolsVersion = 13.4.1;
					};
					4D3FB9DE28CBA8BE001A131C = {
						CreatedOnToolsVersion = 13.4.1;
						TestTargetID = 4D3FB9C828CBA8B8001A131C;
					};
					4D3FB9E828CBA8BF001A131C = {
						CreatedOnToolsVersion = 13.4.1;
						TestTargetID = 4D3FB9C828CBA8B8001A131C;
					};
				};
			};
			buildConfigurationList = 4D3FB9C428CBA8B8001A131C /* Build configuration list for PBXProject "Flix" */;
			compatibilityVersion = "Xcode 13.0";
			developmentRegion = en;
			hasScannedForEncodings = 0;
			knownRegions = (
				en,
				Base,
			);
			mainGroup = 4D3FB9C028CBA8B8001A131C;
			packageReferences = (
				4D3FBA0028CBC7CF001A131C /* XCRemoteSwiftPackageReference "AlamofireImage" */,
			);
			productRefGroup = 4D3FB9CA28CBA8B8001A131C /* Products */;
			projectDirPath = "";
			projectRoot = "";
			targets = (
				4D3FB9C828CBA8B8001A131C /* Flix */,
				4D3FB9DE28CBA8BE001A131C /* FlixTests */,
				4D3FB9E828CBA8BF001A131C /* FlixUITests */,
			);
		};
/* End PBXProject section */

/* Begin PBXResourcesBuildPhase section */
		4D3FB9C728CBA8B8001A131C /* Resources */ = {
			isa = PBXResourcesBuildPhase;
			buildActionMask = 2147483647;
			files = (
				4D3FB9D928CBA8BE001A131C /* LaunchScreen.storyboard in Resources */,
				4D3FB9D628CBA8BE001A131C /* Assets.xcassets in Resources */,
				4D3FB9D428CBA8B8001A131C /* Main.storyboard in Resources */,
			);
			runOnlyForDeploymentPostprocessing = 0;
		};
		4D3FB9DD28CBA8BE001A131C /* Resources */ = {
			isa = PBXResourcesBuildPhase;
			buildActionMask = 2147483647;
			files = (
			);
			runOnlyForDeploymentPostprocessing = 0;
		};
		4D3FB9E728CBA8BF001A131C /* Resources */ = {
			isa = PBXResourcesBuildPhase;
			buildActionMask = 2147483647;
			files = (
			);
			runOnlyForDeploymentPostprocessing = 0;
		};
/* End PBXResourcesBuildPhase section */

/* Begin PBXShellScriptBuildPhase section */
		AB85CC7C5905B70974B06FA8 /* [CP] Check Pods Manifest.lock */ = {
			isa = PBXShellScriptBuildPhase;
			buildActionMask = 2147483647;
			files = (
			);
			inputFileListPaths = (
			);
			inputPaths = (
				"${PODS_PODFILE_DIR_PATH}/Podfile.lock",
				"${PODS_ROOT}/Manifest.lock",
			);
			name = "[CP] Check Pods Manifest.lock";
			outputFileListPaths = (
			);
			outputPaths = (
				"$(DERIVED_FILE_DIR)/Pods-FlixTests-checkManifestLockResult.txt",
			);
			runOnlyForDeploymentPostprocessing = 0;
			shellPath = /bin/sh;
			shellScript = "diff \"${PODS_PODFILE_DIR_PATH}/Podfile.lock\" \"${PODS_ROOT}/Manifest.lock\" > /dev/null\nif [ $? != 0 ] ; then\n    # print error to STDERR\n    echo \"error: The sandbox is not in sync with the Podfile.lock. Run 'pod install' or update your CocoaPods installation.\" >&2\n    exit 1\nfi\n# This output is used by Xcode 'outputs' to avoid re-running this script phase.\necho \"SUCCESS\" > \"${SCRIPT_OUTPUT_FILE_0}\"\n";
			showEnvVarsInLog = 0;
		};
		B3C5C918F5CBCF850E56A2D9 /* [CP] Embed Pods Frameworks */ = {
			isa = PBXShellScriptBuildPhase;
			buildActionMask = 2147483647;
			files = (
			);
			inputFileListPaths = (
				"${PODS_ROOT}/Target Support Files/Pods-Flix-FlixUITests/Pods-Flix-FlixUITests-frameworks-${CONFIGURATION}-input-files.xcfilelist",
			);
			name = "[CP] Embed Pods Frameworks";
			outputFileListPaths = (
				"${PODS_ROOT}/Target Support Files/Pods-Flix-FlixUITests/Pods-Flix-FlixUITests-frameworks-${CONFIGURATION}-output-files.xcfilelist",
			);
			runOnlyForDeploymentPostprocessing = 0;
			shellPath = /bin/sh;
			shellScript = "\"${PODS_ROOT}/Target Support Files/Pods-Flix-FlixUITests/Pods-Flix-FlixUITests-frameworks.sh\"\n";
			showEnvVarsInLog = 0;
		};
		CD64B262CA72BE815148CCFC /* [CP] Check Pods Manifest.lock */ = {
			isa = PBXShellScriptBuildPhase;
			buildActionMask = 2147483647;
			files = (
			);
			inputFileListPaths = (
			);
			inputPaths = (
				"${PODS_PODFILE_DIR_PATH}/Podfile.lock",
				"${PODS_ROOT}/Manifest.lock",
			);
			name = "[CP] Check Pods Manifest.lock";
			outputFileListPaths = (
			);
			outputPaths = (
				"$(DERIVED_FILE_DIR)/Pods-Flix-FlixUITests-checkManifestLockResult.txt",
			);
			runOnlyForDeploymentPostprocessing = 0;
			shellPath = /bin/sh;
			shellScript = "diff \"${PODS_PODFILE_DIR_PATH}/Podfile.lock\" \"${PODS_ROOT}/Manifest.lock\" > /dev/null\nif [ $? != 0 ] ; then\n    # print error to STDERR\n    echo \"error: The sandbox is not in sync with the Podfile.lock. Run 'pod install' or update your CocoaPods installation.\" >&2\n    exit 1\nfi\n# This output is used by Xcode 'outputs' to avoid re-running this script phase.\necho \"SUCCESS\" > \"${SCRIPT_OUTPUT_FILE_0}\"\n";
			showEnvVarsInLog = 0;
		};
		D256B8D77083D5BB8A5ACE9A /* [CP] Embed Pods Frameworks */ = {
			isa = PBXShellScriptBuildPhase;
			buildActionMask = 2147483647;
			files = (
			);
			inputFileListPaths = (
				"${PODS_ROOT}/Target Support Files/Pods-Flix/Pods-Flix-frameworks-${CONFIGURATION}-input-files.xcfilelist",
			);
			name = "[CP] Embed Pods Frameworks";
			outputFileListPaths = (
				"${PODS_ROOT}/Target Support Files/Pods-Flix/Pods-Flix-frameworks-${CONFIGURATION}-output-files.xcfilelist",
			);
			runOnlyForDeploymentPostprocessing = 0;
			shellPath = /bin/sh;
			shellScript = "\"${PODS_ROOT}/Target Support Files/Pods-Flix/Pods-Flix-frameworks.sh\"\n";
			showEnvVarsInLog = 0;
		};
		EAE0D271F54E62FDFBD347F3 /* [CP] Check Pods Manifest.lock */ = {
			isa = PBXShellScriptBuildPhase;
			buildActionMask = 2147483647;
			files = (
			);
			inputFileListPaths = (
			);
			inputPaths = (
				"${PODS_PODFILE_DIR_PATH}/Podfile.lock",
				"${PODS_ROOT}/Manifest.lock",
			);
			name = "[CP] Check Pods Manifest.lock";
			outputFileListPaths = (
			);
			outputPaths = (
				"$(DERIVED_FILE_DIR)/Pods-Flix-checkManifestLockResult.txt",
			);
			runOnlyForDeploymentPostprocessing = 0;
			shellPath = /bin/sh;
			shellScript = "diff \"${PODS_PODFILE_DIR_PATH}/Podfile.lock\" \"${PODS_ROOT}/Manifest.lock\" > /dev/null\nif [ $? != 0 ] ; then\n    # print error to STDERR\n    echo \"error: The sandbox is not in sync with the Podfile.lock. Run 'pod install' or update your CocoaPods installation.\" >&2\n    exit 1\nfi\n# This output is used by Xcode 'outputs' to avoid re-running this script phase.\necho \"SUCCESS\" > \"${SCRIPT_OUTPUT_FILE_0}\"\n";
			showEnvVarsInLog = 0;
		};
/* End PBXShellScriptBuildPhase section */

/* Begin PBXSourcesBuildPhase section */
		4D3FB9C528CBA8B8001A131C /* Sources */ = {
			isa = PBXSourcesBuildPhase;
			buildActionMask = 2147483647;
			files = (
				4D3FB9D128CBA8B8001A131C /* ViewController.swift in Sources */,
				4D3FB9CD28CBA8B8001A131C /* AppDelegate.swift in Sources */,
				4D3181D828D6689400050223 /* MovieDetailsViewController.swift in Sources */,
				4D3181DA28D677A300050223 /* MovieGridViewController.swift in Sources */,
				4D3181DC28D67D1300050223 /* MovieGridCell.swift in Sources */,
				4D3FB9CF28CBA8B8001A131C /* SceneDelegate.swift in Sources */,
				4D3FB9FF28CBBB9F001A131C /* MovieCell.swift in Sources */,
				4D3FB9FD28CBB0D8001A131C /* MoviesViewController.swift in Sources */,
			);
			runOnlyForDeploymentPostprocessing = 0;
		};
		4D3FB9DB28CBA8BE001A131C /* Sources */ = {
			isa = PBXSourcesBuildPhase;
			buildActionMask = 2147483647;
			files = (
				4D3FB9E428CBA8BE001A131C /* FlixTests.swift in Sources */,
			);
			runOnlyForDeploymentPostprocessing = 0;
		};
		4D3FB9E528CBA8BF001A131C /* Sources */ = {
			isa = PBXSourcesBuildPhase;
			buildActionMask = 2147483647;
			files = (
				4D3FB9EE28CBA8BF001A131C /* FlixUITests.swift in Sources */,
				4D3FB9F028CBA8BF001A131C /* FlixUITestsLaunchTests.swift in Sources */,
			);
			runOnlyForDeploymentPostprocessing = 0;
		};
/* End PBXSourcesBuildPhase section */

/* Begin PBXTargetDependency section */
		4D3FB9E128CBA8BE001A131C /* PBXTargetDependency */ = {
			isa = PBXTargetDependency;
			target = 4D3FB9C828CBA8B8001A131C /* Flix */;
			targetProxy = 4D3FB9E028CBA8BE001A131C /* PBXContainerItemProxy */;
		};
		4D3FB9EB28CBA8BF001A131C /* PBXTargetDependency */ = {
			isa = PBXTargetDependency;
			target = 4D3FB9C828CBA8B8001A131C /* Flix */;
			targetProxy = 4D3FB9EA28CBA8BF001A131C /* PBXContainerItemProxy */;
		};
/* End PBXTargetDependency section */

/* Begin PBXVariantGroup section */
		4D3FB9D228CBA8B8001A131C /* Main.storyboard */ = {
			isa = PBXVariantGroup;
			children = (
				4D3FB9D328CBA8B8001A131C /* Base */,
			);
			name = Main.storyboard;
			sourceTree = "<group>";
		};
		4D3FB9D728CBA8BE001A131C /* LaunchScreen.storyboard */ = {
			isa = PBXVariantGroup;
			children = (
				4D3FB9D828CBA8BE001A131C /* Base */,
			);
			name = LaunchScreen.storyboard;
			sourceTree = "<group>";
		};
/* End PBXVariantGroup section */

/* Begin XCBuildConfiguration section */
		4D3FB9F128CBA8BF001A131C /* Debug */ = {
			isa = XCBuildConfiguration;
			buildSettings = {
				ALWAYS_SEARCH_USER_PATHS = NO;
				CLANG_ANALYZER_NONNULL = YES;
				CLANG_ANALYZER_NUMBER_OBJECT_CONVERSION = YES_AGGRESSIVE;
				CLANG_CXX_LANGUAGE_STANDARD = "gnu++17";
				CLANG_ENABLE_MODULES = YES;
				CLANG_ENABLE_OBJC_ARC = YES;
				CLANG_ENABLE_OBJC_WEAK = YES;
				CLANG_WARN_BLOCK_CAPTURE_AUTORELEASING = YES;
				CLANG_WARN_BOOL_CONVERSION = YES;
				CLANG_WARN_COMMA = YES;
				CLANG_WARN_CONSTANT_CONVERSION = YES;
				CLANG_WARN_DEPRECATED_OBJC_IMPLEMENTATIONS = YES;
				CLANG_WARN_DIRECT_OBJC_ISA_USAGE = YES_ERROR;
				CLANG_WARN_DOCUMENTATION_COMMENTS = YES;
				CLANG_WARN_EMPTY_BODY = YES;
				CLANG_WARN_ENUM_CONVERSION = YES;
				CLANG_WARN_INFINITE_RECURSION = YES;
				CLANG_WARN_INT_CONVERSION = YES;
				CLANG_WARN_NON_LITERAL_NULL_CONVERSION = YES;
				CLANG_WARN_OBJC_IMPLICIT_RETAIN_SELF = YES;
				CLANG_WARN_OBJC_LITERAL_CONVERSION = YES;
				CLANG_WARN_OBJC_ROOT_CLASS = YES_ERROR;
				CLANG_WARN_QUOTED_INCLUDE_IN_FRAMEWORK_HEADER = YES;
				CLANG_WARN_RANGE_LOOP_ANALYSIS = YES;
				CLANG_WARN_STRICT_PROTOTYPES = YES;
				CLANG_WARN_SUSPICIOUS_MOVE = YES;
				CLANG_WARN_UNGUARDED_AVAILABILITY = YES_AGGRESSIVE;
				CLANG_WARN_UNREACHABLE_CODE = YES;
				CLANG_WARN__DUPLICATE_METHOD_MATCH = YES;
				COPY_PHASE_STRIP = NO;
				DEBUG_INFORMATION_FORMAT = dwarf;
				ENABLE_STRICT_OBJC_MSGSEND = YES;
				ENABLE_TESTABILITY = YES;
				GCC_C_LANGUAGE_STANDARD = gnu11;
				GCC_DYNAMIC_NO_PIC = NO;
				GCC_NO_COMMON_BLOCKS = YES;
				GCC_OPTIMIZATION_LEVEL = 0;
				GCC_PREPROCESSOR_DEFINITIONS = (
					"DEBUG=1",
					"$(inherited)",
				);
				GCC_WARN_64_TO_32_BIT_CONVERSION = YES;
				GCC_WARN_ABOUT_RETURN_TYPE = YES_ERROR;
				GCC_WARN_UNDECLARED_SELECTOR = YES;
				GCC_WARN_UNINITIALIZED_AUTOS = YES_AGGRESSIVE;
				GCC_WARN_UNUSED_FUNCTION = YES;
				GCC_WARN_UNUSED_VARIABLE = YES;
				IPHONEOS_DEPLOYMENT_TARGET = 15.5;
				MTL_ENABLE_DEBUG_INFO = INCLUDE_SOURCE;
				MTL_FAST_MATH = YES;
				ONLY_ACTIVE_ARCH = YES;
				SDKROOT = iphoneos;
				SWIFT_ACTIVE_COMPILATION_CONDITIONS = DEBUG;
				SWIFT_OPTIMIZATION_LEVEL = "-Onone";
			};
			name = Debug;
		};
		4D3FB9F228CBA8BF001A131C /* Release */ = {
			isa = XCBuildConfiguration;
			buildSettings = {
				ALWAYS_SEARCH_USER_PATHS = NO;
				CLANG_ANALYZER_NONNULL = YES;
				CLANG_ANALYZER_NUMBER_OBJECT_CONVERSION = YES_AGGRESSIVE;
				CLANG_CXX_LANGUAGE_STANDARD = "gnu++17";
				CLANG_ENABLE_MODULES = YES;
				CLANG_ENABLE_OBJC_ARC = YES;
				CLANG_ENABLE_OBJC_WEAK = YES;
				CLANG_WARN_BLOCK_CAPTURE_AUTORELEASING = YES;
				CLANG_WARN_BOOL_CONVERSION = YES;
				CLANG_WARN_COMMA = YES;
				CLANG_WARN_CONSTANT_CONVERSION = YES;
				CLANG_WARN_DEPRECATED_OBJC_IMPLEMENTATIONS = YES;
				CLANG_WARN_DIRECT_OBJC_ISA_USAGE = YES_ERROR;
				CLANG_WARN_DOCUMENTATION_COMMENTS = YES;
				CLANG_WARN_EMPTY_BODY = YES;
				CLANG_WARN_ENUM_CONVERSION = YES;
				CLANG_WARN_INFINITE_RECURSION = YES;
				CLANG_WARN_INT_CONVERSION = YES;
				CLANG_WARN_NON_LITERAL_NULL_CONVERSION = YES;
				CLANG_WARN_OBJC_IMPLICIT_RETAIN_SELF = YES;
				CLANG_WARN_OBJC_LITERAL_CONVERSION = YES;
				CLANG_WARN_OBJC_ROOT_CLASS = YES_ERROR;
				CLANG_WARN_QUOTED_INCLUDE_IN_FRAMEWORK_HEADER = YES;
				CLANG_WARN_RANGE_LOOP_ANALYSIS = YES;
				CLANG_WARN_STRICT_PROTOTYPES = YES;
				CLANG_WARN_SUSPICIOUS_MOVE = YES;
				CLANG_WARN_UNGUARDED_AVAILABILITY = YES_AGGRESSIVE;
				CLANG_WARN_UNREACHABLE_CODE = YES;
				CLANG_WARN__DUPLICATE_METHOD_MATCH = YES;
				COPY_PHASE_STRIP = NO;
				DEBUG_INFORMATION_FORMAT = "dwarf-with-dsym";
				ENABLE_NS_ASSERTIONS = NO;
				ENABLE_STRICT_OBJC_MSGSEND = YES;
				GCC_C_LANGUAGE_STANDARD = gnu11;
				GCC_NO_COMMON_BLOCKS = YES;
				GCC_WARN_64_TO_32_BIT_CONVERSION = YES;
				GCC_WARN_ABOUT_RETURN_TYPE = YES_ERROR;
				GCC_WARN_UNDECLARED_SELECTOR = YES;
				GCC_WARN_UNINITIALIZED_AUTOS = YES_AGGRESSIVE;
				GCC_WARN_UNUSED_FUNCTION = YES;
				GCC_WARN_UNUSED_VARIABLE = YES;
				IPHONEOS_DEPLOYMENT_TARGET = 15.5;
				MTL_ENABLE_DEBUG_INFO = NO;
				MTL_FAST_MATH = YES;
				SDKROOT = iphoneos;
				SWIFT_COMPILATION_MODE = wholemodule;
				SWIFT_OPTIMIZATION_LEVEL = "-O";
				VALIDATE_PRODUCT = YES;
			};
			name = Release;
		};
		4D3FB9F428CBA8BF001A131C /* Debug */ = {
			isa = XCBuildConfiguration;
			baseConfigurationReference = 2A8EF3D6F294E978A7219ADF /* Pods-Flix.debug.xcconfig */;
			buildSettings = {
				ASSETCATALOG_COMPILER_APPICON_NAME = AppIcon;
				ASSETCATALOG_COMPILER_GLOBAL_ACCENT_COLOR_NAME = AccentColor;
				CODE_SIGN_STYLE = Automatic;
				CURRENT_PROJECT_VERSION = 1;
				DEVELOPMENT_TEAM = LFHV2Z4X92;
				GENERATE_INFOPLIST_FILE = YES;
				INFOPLIST_FILE = Flix/Info.plist;
				INFOPLIST_KEY_UIApplicationSupportsIndirectInputEvents = YES;
				INFOPLIST_KEY_UILaunchStoryboardName = LaunchScreen;
				INFOPLIST_KEY_UIMainStoryboardFile = Main;
				INFOPLIST_KEY_UISupportedInterfaceOrientations_iPad = "UIInterfaceOrientationPortrait UIInterfaceOrientationPortraitUpsideDown UIInterfaceOrientationLandscapeLeft UIInterfaceOrientationLandscapeRight";
				INFOPLIST_KEY_UISupportedInterfaceOrientations_iPhone = "UIInterfaceOrientationPortrait UIInterfaceOrientationLandscapeLeft UIInterfaceOrientationLandscapeRight";
				LD_RUNPATH_SEARCH_PATHS = (
					"$(inherited)",
					"@executable_path/Frameworks",
				);
				MARKETING_VERSION = 1.0;
				PRODUCT_BUNDLE_IDENTIFIER = jbecker.Flix;
				PRODUCT_NAME = "$(TARGET_NAME)";
				SWIFT_EMIT_LOC_STRINGS = YES;
				SWIFT_VERSION = 5.0;
				TARGETED_DEVICE_FAMILY = "1,2";
			};
			name = Debug;
		};
		4D3FB9F528CBA8BF001A131C /* Release */ = {
			isa = XCBuildConfiguration;
			baseConfigurationReference = B159B346BF231BA5082962E4 /* Pods-Flix.release.xcconfig */;
			buildSettings = {
				ASSETCATALOG_COMPILER_APPICON_NAME = AppIcon;
				ASSETCATALOG_COMPILER_GLOBAL_ACCENT_COLOR_NAME = AccentColor;
				CODE_SIGN_STYLE = Automatic;
				CURRENT_PROJECT_VERSION = 1;
				DEVELOPMENT_TEAM = LFHV2Z4X92;
				GENERATE_INFOPLIST_FILE = YES;
				INFOPLIST_FILE = Flix/Info.plist;
				INFOPLIST_KEY_UIApplicationSupportsIndirectInputEvents = YES;
				INFOPLIST_KEY_UILaunchStoryboardName = LaunchScreen;
				INFOPLIST_KEY_UIMainStoryboardFile = Main;
				INFOPLIST_KEY_UISupportedInterfaceOrientations_iPad = "UIInterfaceOrientationPortrait UIInterfaceOrientationPortraitUpsideDown UIInterfaceOrientationLandscapeLeft UIInterfaceOrientationLandscapeRight";
				INFOPLIST_KEY_UISupportedInterfaceOrientations_iPhone = "UIInterfaceOrientationPortrait UIInterfaceOrientationLandscapeLeft UIInterfaceOrientationLandscapeRight";
				LD_RUNPATH_SEARCH_PATHS = (
					"$(inherited)",
					"@executable_path/Frameworks",
				);
				MARKETING_VERSION = 1.0;
				PRODUCT_BUNDLE_IDENTIFIER = jbecker.Flix;
				PRODUCT_NAME = "$(TARGET_NAME)";
				SWIFT_EMIT_LOC_STRINGS = YES;
				SWIFT_VERSION = 5.0;
				TARGETED_DEVICE_FAMILY = "1,2";
			};
			name = Release;
		};
		4D3FB9F728CBA8BF001A131C /* Debug */ = {
			isa = XCBuildConfiguration;
			baseConfigurationReference = 7E3641F36F0A05D140A9B67F /* Pods-FlixTests.debug.xcconfig */;
			buildSettings = {
				ALWAYS_EMBED_SWIFT_STANDARD_LIBRARIES = YES;
				BUNDLE_LOADER = "$(TEST_HOST)";
				CODE_SIGN_STYLE = Automatic;
				CURRENT_PROJECT_VERSION = 1;
				GENERATE_INFOPLIST_FILE = YES;
				IPHONEOS_DEPLOYMENT_TARGET = 15.5;
				MARKETING_VERSION = 1.0;
				PRODUCT_BUNDLE_IDENTIFIER = jbecker.FlixTests;
				PRODUCT_NAME = "$(TARGET_NAME)";
				SWIFT_EMIT_LOC_STRINGS = NO;
				SWIFT_VERSION = 5.0;
				TARGETED_DEVICE_FAMILY = "1,2";
				TEST_HOST = "$(BUILT_PRODUCTS_DIR)/Flix.app/Flix";
			};
			name = Debug;
		};
		4D3FB9F828CBA8BF001A131C /* Release */ = {
			isa = XCBuildConfiguration;
			baseConfigurationReference = EE8ED1CEE78A33E5598F7BBA /* Pods-FlixTests.release.xcconfig */;
			buildSettings = {
				ALWAYS_EMBED_SWIFT_STANDARD_LIBRARIES = YES;
				BUNDLE_LOADER = "$(TEST_HOST)";
				CODE_SIGN_STYLE = Automatic;
				CURRENT_PROJECT_VERSION = 1;
				GENERATE_INFOPLIST_FILE = YES;
				IPHONEOS_DEPLOYMENT_TARGET = 15.5;
				MARKETING_VERSION = 1.0;
				PRODUCT_BUNDLE_IDENTIFIER = jbecker.FlixTests;
				PRODUCT_NAME = "$(TARGET_NAME)";
				SWIFT_EMIT_LOC_STRINGS = NO;
				SWIFT_VERSION = 5.0;
				TARGETED_DEVICE_FAMILY = "1,2";
				TEST_HOST = "$(BUILT_PRODUCTS_DIR)/Flix.app/Flix";
			};
			name = Release;
		};
		4D3FB9FA28CBA8BF001A131C /* Debug */ = {
			isa = XCBuildConfiguration;
			baseConfigurationReference = C33F94F4C4C224FAE5CEF88F /* Pods-Flix-FlixUITests.debug.xcconfig */;
			buildSettings = {
				ALWAYS_EMBED_SWIFT_STANDARD_LIBRARIES = YES;
				CODE_SIGN_STYLE = Automatic;
				CURRENT_PROJECT_VERSION = 1;
				GENERATE_INFOPLIST_FILE = YES;
				MARKETING_VERSION = 1.0;
				PRODUCT_BUNDLE_IDENTIFIER = jbecker.FlixUITests;
				PRODUCT_NAME = "$(TARGET_NAME)";
				SWIFT_EMIT_LOC_STRINGS = NO;
				SWIFT_VERSION = 5.0;
				TARGETED_DEVICE_FAMILY = "1,2";
				TEST_TARGET_NAME = Flix;
			};
			name = Debug;
		};
		4D3FB9FB28CBA8BF001A131C /* Release */ = {
			isa = XCBuildConfiguration;
			baseConfigurationReference = CC3146122EC7267E470C47F3 /* Pods-Flix-FlixUITests.release.xcconfig */;
			buildSettings = {
				ALWAYS_EMBED_SWIFT_STANDARD_LIBRARIES = YES;
				CODE_SIGN_STYLE = Automatic;
				CURRENT_PROJECT_VERSION = 1;
				GENERATE_INFOPLIST_FILE = YES;
				MARKETING_VERSION = 1.0;
				PRODUCT_BUNDLE_IDENTIFIER = jbecker.FlixUITests;
				PRODUCT_NAME = "$(TARGET_NAME)";
				SWIFT_EMIT_LOC_STRINGS = NO;
				SWIFT_VERSION = 5.0;
				TARGETED_DEVICE_FAMILY = "1,2";
				TEST_TARGET_NAME = Flix;
			};
			name = Release;
		};
/* End XCBuildConfiguration section */

/* Begin XCConfigurationList section */
		4D3FB9C428CBA8B8001A131C /* Build configuration list for PBXProject "Flix" */ = {
			isa = XCConfigurationList;
			buildConfigurations = (
				4D3FB9F128CBA8BF001A131C /* Debug */,
				4D3FB9F228CBA8BF001A131C /* Release */,
			);
			defaultConfigurationIsVisible = 0;
			defaultConfigurationName = Release;
		};
		4D3FB9F328CBA8BF001A131C /* Build configuration list for PBXNativeTarget "Flix" */ = {
			isa = XCConfigurationList;
			buildConfigurations = (
				4D3FB9F428CBA8BF001A131C /* Debug */,
				4D3FB9F528CBA8BF001A131C /* Release */,
			);
			defaultConfigurationIsVisible = 0;
			defaultConfigurationName = Release;
		};
		4D3FB9F628CBA8BF001A131C /* Build configuration list for PBXNativeTarget "FlixTests" */ = {
			isa = XCConfigurationList;
			buildConfigurations = (
				4D3FB9F728CBA8BF001A131C /* Debug */,
				4D3FB9F828CBA8BF001A131C /* Release */,
			);
			defaultConfigurationIsVisible = 0;
			defaultConfigurationName = Release;
		};
		4D3FB9F928CBA8BF001A131C /* Build configuration list for PBXNativeTarget "FlixUITests" */ = {
			isa = XCConfigurationList;
			buildConfigurations = (
				4D3FB9FA28CBA8BF001A131C /* Debug */,
				4D3FB9FB28CBA8BF001A131C /* Release */,
			);
			defaultConfigurationIsVisible = 0;
			defaultConfigurationName = Release;
		};
/* End XCConfigurationList section */

/* Begin XCRemoteSwiftPackageReference section */
		4D3FBA0028CBC7CF001A131C /* XCRemoteSwiftPackageReference "AlamofireImage" */ = {
			isa = XCRemoteSwiftPackageReference;
			repositoryURL = "https://github.com/Alamofire/AlamofireImage";
			requirement = {
				kind = upToNextMajorVersion;
				minimumVersion = 4.0.0;
			};
		};
/* End XCRemoteSwiftPackageReference section */

/* Begin XCSwiftPackageProductDependency section */
		4D3FBA0128CBC7CF001A131C /* AlamofireImage */ = {
			isa = XCSwiftPackageProductDependency;
			package = 4D3FBA0028CBC7CF001A131C /* XCRemoteSwiftPackageReference "AlamofireImage" */;
			productName = AlamofireImage;
		};
/* End XCSwiftPackageProductDependency section */
	};
	rootObject = 4D3FB9C128CBA8B8001A131C /* Project object */;
}
